cookbook 'mongodb', :git => 'git://github.com/edelight/chef-mongodb.git', :ref => 'ce35aef9ba52106ddb0a97d52caf98324e672174'
cookbook 'apt', :locked_version => '1.4.4'
cookbook 'rbenv', :git => 'git://github.com/fnichol/chef-rbenv.git', :ref => '3b1c59abc1134a50b0b8844954eca9a566aaffb8'
cookbook 'ruby_build', :git => 'git://github.com/fnichol/chef-ruby_build.git', :ref => 'c940b5e9cd40eaba10d6285de6648f4d25fe959d'
cookbook 'yum', :locked_version => '2.1.0'
cookbook 'java', :locked_version => '1.9.4'
cookbook 'windows', :locked_version => '1.8.4'
cookbook 'chef_handler', :locked_version => '1.1.4'